
Microsoft Visual Studio Solution File, Format Version 12.00
# Visual Studio Express 2012 for Windows Desktop
Project("{8BC9CEB8-8B4A-11D0-8D11-00A0C91BC942}") = "Reisen-CPP", "Reisen-CPP\Reisen-CPP.vcxproj", "{2D5C38AE-06A3-4D0C-8DB8-0A8D122F422F}"
EndProject
Global
	GlobalSection(SolutionConfigurationPlatforms) = preSolution
		Debug|Win32 = Debug|Win32
		Release|Win32 = Release|Win32
	EndGlobalSection
	GlobalSection(ProjectConfigurationPlatforms) = postSolution
		{2D5C38AE-06A3-4D0C-8DB8-0A8D122F422F}.Debug|Win32.ActiveCfg = Debug|Win32
		{2D5C38AE-06A3-4D0C-8DB8-0A8D122F422F}.Debug|Win32.Build.0 = Debug|Win32
		{2D5C38AE-06A3-4D0C-8DB8-0A8D122F422F}.Release|Win32.ActiveCfg = Release|Win32
		{2D5C38AE-06A3-4D0C-8DB8-0A8D122F422F}.Release|Win32.Build.0 = Release|Win32
	EndGlobalSection
	GlobalSection(SolutionProperties) = preSolution
		HideSolutionNode = FALSE
	EndGlobalSection
EndGlobal
